// !$*UTF8*$!
{
	archiveVersion = 1;
	classes = {
	};
	objectVersion = 46;
	objects = {

/* Begin PBXBuildFile section */
		360FDEC11EBB46610027849B /* AppDelegate.swift in Sources */ = {isa = PBXBuildFile; fileRef = 360FDEC01EBB46610027849B /* AppDelegate.swift */; };
		360FDEC31EBB46610027849B /* ViewController.swift in Sources */ = {isa = PBXBuildFile; fileRef = 360FDEC21EBB46610027849B /* ViewController.swift */; };
		360FDEC51EBB46610027849B /* Assets.xcassets in Resources */ = {isa = PBXBuildFile; fileRef = 360FDEC41EBB46610027849B /* Assets.xcassets */; };
		360FDEC81EBB46610027849B /* Main.storyboard in Resources */ = {isa = PBXBuildFile; fileRef = 360FDEC61EBB46610027849B /* Main.storyboard */; };
/* End PBXBuildFile section */

/* Begin PBXFileReference section */
		360FDEBD1EBB46610027849B /* Google Docs.app */ = {isa = PBXFileReference; explicitFileType = wrapper.application; includeInIndex = 0; path = "Google Docs.app"; sourceTree = BUILT_PRODUCTS_DIR; };
		360FDEC01EBB46610027849B /* AppDelegate.swift */ = {isa = PBXFileReference; lastKnownFileType = sourcecode.swift; path = AppDelegate.swift; sourceTree = "<group>"; };
		360FDEC21EBB46610027849B /* ViewController.swift */ = {isa = PBXFileReference; lastKnownFileType = sourcecode.swift; path = ViewController.swift; sourceTree = "<group>"; };
		360FDEC41EBB46610027849B /* Assets.xcassets */ = {isa = PBXFileReference; lastKnownFileType = folder.assetcatalog; path = Assets.xcassets; sourceTree = "<group>"; };
		360FDEC71EBB46610027849B /* Base */ = {isa = PBXFileReference; lastKnownFileType = file.storyboard; name = Base; path = Base.lproj/Main.storyboard; sourceTree = "<group>"; };
		360FDEC91EBB46610027849B /* Info.plist */ = {isa = PBXFileReference; lastKnownFileType = text.plist.xml; path = Info.plist; sourceTree = "<group>"; };
/* End PBXFileReference section */

/* Begin PBXFrameworksBuildPhase section */
		360FDEBA1EBB46610027849B /* Frameworks */ = {
			isa = PBXFrameworksBuildPhase;
			buildActionMask = 2147483647;
			files = (
			);
			runOnlyForDeploymentPostprocessing = 0;
		};
/* End PBXFrameworksBuildPhase section */

/* Begin PBXGroup section */
		360FDEB41EBB46610027849B = {
			isa = PBXGroup;
			children = (
				360FDEBF1EBB46610027849B /* Google Docs */,
				360FDEBE1EBB46610027849B /* Products */,
			);
			sourceTree = "<group>";
		};
		360FDEBE1EBB46610027849B /* Products */ = {
			isa = PBXGroup;
			children = (
				360FDEBD1EBB46610027849B /* Google Docs.app */,
			);
			name = Products;
			sourceTree = "<group>";
		};
		360FDEBF1EBB46610027849B /* Google Docs */ = {
			isa = PBXGroup;
			children = (
				360FDEC01EBB46610027849B /* AppDelegate.swift */,
				360FDEC21EBB46610027849B /* ViewController.swift */,
				360FDEC41EBB46610027849B /* Assets.xcassets */,
				360FDEC61EBB46610027849B /* Main.storyboard */,
				360FDEC91EBB46610027849B /* Info.plist */,
			);
			path = "Google Docs";
			sourceTree = "<group>";
		};
/* End PBXGroup section */

/* Begin PBXNativeTarget section */
		360FDEBC1EBB46610027849B /* Google Docs */ = {
			isa = PBXNativeTarget;
			buildConfigurationList = 360FDECC1EBB46610027849B /* Build configuration list for PBXNativeTarget "Google Docs" */;
			buildPhases = (
				360FDEB91EBB46610027849B /* Sources */,
				360FDEBA1EBB46610027849B /* Frameworks */,
				360FDEBB1EBB46610027849B /* Resources */,
			);
			buildRules = (
			);
			dependencies = (
			);
			name = "Google Docs";
			productName = "Google Docs";
			productReference = 360FDEBD1EBB46610027849B /* Google Docs.app */;
			productType = "com.apple.product-type.application";
		};
/* End PBXNativeTarget section */

/* Begin PBXProject section */
		360FDEB51EBB46610027849B /* Project object */ = {
			isa = PBXProject;
			attributes = {
				LastSwiftUpdateCheck = 0820;
				LastUpgradeCheck = 0820;
				ORGANIZATIONNAME = "Michael Dilger";
				TargetAttributes = {
					360FDEBC1EBB46610027849B = {
						CreatedOnToolsVersion = 8.2;
						DevelopmentTeam = KU4PPE7M6X;
						ProvisioningStyle = Automatic;
					};
				};
			};
			buildConfigurationList = 360FDEB81EBB46610027849B /* Build configuration list for PBXProject "Google Docs" */;
			compatibilityVersion = "Xcode 3.2";
			developmentRegion = English;
			hasScannedForEncodings = 0;
			knownRegions = (
				en,
				Base,
			);
			mainGroup = 360FDEB41EBB46610027849B;
			productRefGroup = 360FDEBE1EBB46610027849B /* Products */;
			projectDirPath = "";
			projectRoot = "";
			targets = (
				360FDEBC1EBB46610027849B /* Google Docs */,
			);
		};
/* End PBXProject section */

/* Begin PBXResourcesBuildPhase section */
		360FDEBB1EBB46610027849B /* Resources */ = {
			isa = PBXResourcesBuildPhase;
			buildActionMask = 2147483647;
			files = (
				360FDEC51EBB46610027849B /* Assets.xcassets in Resources */,
				360FDEC81EBB46610027849B /* Main.storyboard in Resources */,
			);
			runOnlyForDeploymentPostprocessing = 0;
		};
/* End PBXResourcesBuildPhase section */

/* Begin PBXSourcesBuildPhase section */
		360FDEB91EBB46610027849B /* Sources */ = {
			isa = PBXSourcesBuildPhase;
			buildActionMask = 2147483647;
			files = (
				360FDEC31EBB46610027849B /* ViewController.swift in Sources */,
				360FDEC11EBB46610027849B /* AppDelegate.swift in Sources */,
			);
			runOnlyForDeploymentPostprocessing = 0;
		};
/* End PBXSourcesBuildPhase section */

/* Begin PBXVariantGroup section */
		360FDEC61EBB46610027849B /* Main.storyboard */ = {
			isa = PBXVariantGroup;
			children = (
				360FDEC71EBB46610027849B /* Base */,
			);
			name = Main.storyboard;
			sourceTree = "<group>";
		};
/* End PBXVariantGroup section */

/* Begin XCBuildConfiguration section */
		360FDECA1EBB46610027849B /* Debug */ = {
			isa = XCBuildConfiguration;
			buildSettings = {
				ALWAYS_SEARCH_USER_PATHS = NO;
				CLANG_ANALYZER_NONNULL = YES;
				CLANG_CXX_LANGUAGE_STANDARD = "gnu++0x";
				CLANG_CXX_LIBRARY = "libc++";
				CLANG_ENABLE_MODULES = YES;
				CLANG_ENABLE_OBJC_ARC = YES;
				CLANG_WARN_BOOL_CONVERSION = YES;
				CLANG_WARN_CONSTANT_CONVERSION = YES;
				CLANG_WARN_DIRECT_OBJC_ISA_USAGE = YES_ERROR;
				CLANG_WARN_DOCUMENTATION_COMMENTS = YES;
				CLANG_WARN_EMPTY_BODY = YES;
				CLANG_WARN_ENUM_CONVERSION = YES;
				CLANG_WARN_INFINITE_RECURSION = YES;
				CLANG_WARN_INT_CONVERSION = YES;
				CLANG_WARN_OBJC_ROOT_CLASS = YES_ERROR;
				CLANG_WARN_SUSPICIOUS_MOVE = YES;
				CLANG_WARN_UNREACHABLE_CODE = YES;
				CLANG_WARN__DUPLICATE_METHOD_MATCH = YES;
				CODE_SIGN_IDENTITY = "-";
				COPY_PHASE_STRIP = NO;
				DEBUG_INFORMATION_FORMAT = dwarf;
				ENABLE_STRICT_OBJC_MSGSEND = YES;
				ENABLE_TESTABILITY = YES;
				GCC_C_LANGUAGE_STANDARD = gnu99;
				GCC_DYNAMIC_NO_PIC = NO;
				GCC_NO_COMMON_BLOCKS = YES;
				GCC_OPTIMIZATION_LEVEL = 0;
				GCC_PREPROCESSOR_DEFINITIONS = (
					"DEBUG=1",
					"$(inherited)",
				);
				GCC_WARN_64_TO_32_BIT_CONVERSION = YES;
				GCC_WARN_ABOUT_RETURN_TYPE = YES_ERROR;
				GCC_WARN_UNDECLARED_SELECTOR = YES;
				GCC_WARN_UNINITIALIZED_AUTOS = YES_AGGRESSIVE;
				GCC_WARN_UNUSED_FUNCTION = YES;
				GCC_WARN_UNUSED_VARIABLE = YES;
				MACOSX_DEPLOYMENT_TARGET = 10.12;
				MTL_ENABLE_DEBUG_INFO = YES;
				ONLY_ACTIVE_ARCH = YES;
				SDKROOT = macosx;
				SWIFT_ACTIVE_COMPILATION_CONDITIONS = DEBUG;
				SWIFT_OPTIMIZATION_LEVEL = "-Onone";
			};
			name = Debug;
		};
		360FDECB1EBB46610027849B /* Release */ = {
			isa = XCBuildConfiguration;
			buildSettings = {
				ALWAYS_SEARCH_USER_PATHS = NO;
				CLANG_ANALYZER_NONNULL = YES;
				CLANG_CXX_LANGUAGE_STANDARD = "gnu++0x";
				CLANG_CXX_LIBRARY = "libc++";
				CLANG_ENABLE_MODULES = YES;
				CLANG_ENABLE_OBJC_ARC = YES;
				CLANG_WARN_BOOL_CONVERSION = YES;
				CLANG_WARN_CONSTANT_CONVERSION = YES;
				CLANG_WARN_DIRECT_OBJC_ISA_USAGE = YES_ERROR;
				CLANG_WARN_DOCUMENTATION_COMMENTS = YES;
				CLANG_WARN_EMPTY_BODY = YES;
				CLANG_WARN_ENUM_CONVERSION = YES;
				CLANG_WARN_INFINITE_RECURSION = YES;
				CLANG_WARN_INT_CONVERSION = YES;
				CLANG_WARN_OBJC_ROOT_CLASS = YES_ERROR;
				CLANG_WARN_SUSPICIOUS_MOVE = YES;
				CLANG_WARN_UNREACHABLE_CODE = YES;
				CLANG_WARN__DUPLICATE_METHOD_MATCH = YES;
				CODE_SIGN_IDENTITY = "-";
				COPY_PHASE_STRIP = NO;
				DEBUG_INFORMATION_FORMAT = "dwarf-with-dsym";
				ENABLE_NS_ASSERTIONS = NO;
				ENABLE_STRICT_OBJC_MSGSEND = YES;
				GCC_C_LANGUAGE_STANDARD = gnu99;
				GCC_NO_COMMON_BLOCKS = YES;
				GCC_WARN_64_TO_32_BIT_CONVERSION = YES;
				GCC_WARN_ABOUT_RETURN_TYPE = YES_ERROR;
				GCC_WARN_UNDECLARED_SELECTOR = YES;
				GCC_WARN_UNINITIALIZED_AUTOS = YES_AGGRESSIVE;
				GCC_WARN_UNUSED_FUNCTION = YES;
				GCC_WARN_UNUSED_VARIABLE = YES;
				MACOSX_DEPLOYMENT_TARGET = 10.12;
				MTL_ENABLE_DEBUG_INFO = NO;
				SDKROOT = macosx;
				SWIFT_OPTIMIZATION_LEVEL = "-Owholemodule";
			};
			name = Release;
		};
		360FDECD1EBB46610027849B /* Debug */ = {
			isa = XCBuildConfiguration;
			buildSettings = {
				ASSETCATALOG_COMPILER_APPICON_NAME = AppIcon;
				COMBINE_HIDPI_IMAGES = YES;
				DEVELOPMENT_TEAM = KU4PPE7M6X;
				INFOPLIST_FILE = "Google Docs/Info.plist";
				LD_RUNPATH_SEARCH_PATHS = "$(inherited) @executable_path/../Frameworks";
				PRODUCT_BUNDLE_IDENTIFIER = "MD.Google-Docs";
				PRODUCT_NAME = "$(TARGET_NAME)";
				SWIFT_VERSION = 3.0;
			};
			name = Debug;
		};
		360FDECE1EBB46610027849B /* Release */ = {
			isa = XCBuildConfiguration;
			buildSettings = {
				ASSETCATALOG_COMPILER_APPICON_NAME = AppIcon;
				COMBINE_HIDPI_IMAGES = YES;
				DEVELOPMENT_TEAM = KU4PPE7M6X;
				INFOPLIST_FILE = "Google Docs/Info.plist";
				LD_RUNPATH_SEARCH_PATHS = "$(inherited) @executable_path/../Frameworks";
				PRODUCT_BUNDLE_IDENTIFIER = "MD.Google-Docs";
				PRODUCT_NAME = "$(TARGET_NAME)";
				SWIFT_VERSION = 3.0;
			};
			name = Release;
		};
/* End XCBuildConfiguration section */

/* Begin XCConfigurationList section */
		360FDEB81EBB46610027849B /* Build configuration list for PBXProject "Google Docs" */ = {
			isa = XCConfigurationList;
			buildConfigurations = (
				360FDECA1EBB46610027849B /* Debug */,
				360FDECB1EBB46610027849B /* Release */,
			);
			defaultConfigurationIsVisible = 0;
			defaultConfigurationName = Release;
		};
		360FDECC1EBB46610027849B /* Build configuration list for PBXNativeTarget "Google Docs" */ = {
			isa = XCConfigurationList;
			buildConfigurations = (
				360FDECD1EBB46610027849B /* Debug */,
				360FDECE1EBB46610027849B /* Release */,
			);
			defaultConfigurationIsVisible = 0;
		};
/* End XCConfigurationList section */
	};
	rootObject = 360FDEB51EBB46610027849B /* Project object */;
}
